// !$*UTF8*$!
{
	archiveVersion = 1;
	classes = {
	};
	objectVersion = 50;
	objects = {

/* Begin PBXBuildFile section */
		13F0EF3F241870E200C0D053 /* AppDelegate.swift in Sources */ = {isa = PBXBuildFile; fileRef = 13F0EF3E241870E200C0D053 /* AppDelegate.swift */; };
		13F0EF41241870E200C0D053 /* SceneDelegate.swift in Sources */ = {isa = PBXBuildFile; fileRef = 13F0EF40241870E200C0D053 /* SceneDelegate.swift */; };
		13F0EF43241870E200C0D053 /* ContentView.swift in Sources */ = {isa = PBXBuildFile; fileRef = 13F0EF42241870E200C0D053 /* ContentView.swift */; };
		13F0EF45241870E300C0D053 /* Assets.xcassets in Resources */ = {isa = PBXBuildFile; fileRef = 13F0EF44241870E300C0D053 /* Assets.xcassets */; };
		13F0EF48241870E300C0D053 /* Preview Assets.xcassets in Resources */ = {isa = PBXBuildFile; fileRef = 13F0EF47241870E300C0D053 /* Preview Assets.xcassets */; };
		13F0EF4B241870E300C0D053 /* LaunchScreen.storyboard in Resources */ = {isa = PBXBuildFile; fileRef = 13F0EF49241870E300C0D053 /* LaunchScreen.storyboard */; };
/* End PBXBuildFile section */

/* Begin PBXFileReference section */
		13F0EF3B241870E200C0D053 /* TrackPractice.app */ = {isa = PBXFileReference; explicitFileType = wrapper.application; includeInIndex = 0; path = TrackPractice.app; sourceTree = BUILT_PRODUCTS_DIR; };
		13F0EF3E241870E200C0D053 /* AppDelegate.swift */ = {isa = PBXFileReference; lastKnownFileType = sourcecode.swift; path = AppDelegate.swift; sourceTree = "<group>"; };
		13F0EF40241870E200C0D053 /* SceneDelegate.swift */ = {isa = PBXFileReference; lastKnownFileType = sourcecode.swift; path = SceneDelegate.swift; sourceTree = "<group>"; };
		13F0EF42241870E200C0D053 /* ContentView.swift */ = {isa = PBXFileReference; lastKnownFileType = sourcecode.swift; path = ContentView.swift; sourceTree = "<group>"; };
		13F0EF44241870E300C0D053 /* Assets.xcassets */ = {isa = PBXFileReference; lastKnownFileType = folder.assetcatalog; path = Assets.xcassets; sourceTree = "<group>"; };
		13F0EF47241870E300C0D053 /* Preview Assets.xcassets */ = {isa = PBXFileReference; lastKnownFileType = folder.assetcatalog; path = "Preview Assets.xcassets"; sourceTree = "<group>"; };
		13F0EF4A241870E300C0D053 /* Base */ = {isa = PBXFileReference; lastKnownFileType = file.storyboard; name = Base; path = Base.lproj/LaunchScreen.storyboard; sourceTree = "<group>"; };
		13F0EF4C241870E300C0D053 /* Info.plist */ = {isa = PBXFileReference; lastKnownFileType = text.plist.xml; path = Info.plist; sourceTree = "<group>"; };
/* End PBXFileReference section */

/* Begin PBXFrameworksBuildPhase section */
		13F0EF38241870E200C0D053 /* Frameworks */ = {
			isa = PBXFrameworksBuildPhase;
			buildActionMask = 2147483647;
			files = (
			);
			runOnlyForDeploymentPostprocessing = 0;
		};
/* End PBXFrameworksBuildPhase section */

/* Begin PBXGroup section */
		13F0EF32241870E200C0D053 = {
			isa = PBXGroup;
			children = (
				13F0EF3D241870E200C0D053 /* TrackPractice */,
				13F0EF3C241870E200C0D053 /* Products */,
			);
			sourceTree = "<group>";
		};
		13F0EF3C241870E200C0D053 /* Products */ = {
			isa = PBXGroup;
			children = (
				13F0EF3B241870E200C0D053 /* TrackPractice.app */,
			);
			name = Products;
			sourceTree = "<group>";
		};
		13F0EF3D241870E200C0D053 /* TrackPractice */ = {
			isa = PBXGroup;
			children = (
				13F0EF3E241870E200C0D053 /* AppDelegate.swift */,
				13F0EF40241870E200C0D053 /* SceneDelegate.swift */,
				13F0EF42241870E200C0D053 /* ContentView.swift */,
				13F0EF44241870E300C0D053 /* Assets.xcassets */,
				13F0EF49241870E300C0D053 /* LaunchScreen.storyboard */,
				13F0EF4C241870E300C0D053 /* Info.plist */,
				13F0EF46241870E300C0D053 /* Preview Content */,
			);
			path = TrackPractice;
			sourceTree = "<group>";
		};
		13F0EF46241870E300C0D053 /* Preview Content */ = {
			isa = PBXGroup;
			children = (
				13F0EF47241870E300C0D053 /* Preview Assets.xcassets */,
			);
			path = "Preview Content";
			sourceTree = "<group>";
		};
/* End PBXGroup section */

/* Begin PBXNativeTarget section */
		13F0EF3A241870E200C0D053 /* TrackPractice */ = {
			isa = PBXNativeTarget;
			buildConfigurationList = 13F0EF4F241870E300C0D053 /* Build configuration list for PBXNativeTarget "TrackPractice" */;
			buildPhases = (
				13F0EF37241870E200C0D053 /* Sources */,
				13F0EF38241870E200C0D053 /* Frameworks */,
				13F0EF39241870E200C0D053 /* Resources */,
			);
			buildRules = (
			);
			dependencies = (
			);
			name = TrackPractice;
			productName = TrackPractice;
			productReference = 13F0EF3B241870E200C0D053 /* TrackPractice.app */;
			productType = "com.apple.product-type.application";
		};
/* End PBXNativeTarget section */

/* Begin PBXProject section */
		13F0EF33241870E200C0D053 /* Project object */ = {
			isa = PBXProject;
			attributes = {
				LastSwiftUpdateCheck = 1140;
				LastUpgradeCheck = 1140;
				ORGANIZATIONNAME = "Bill Moriarty";
				TargetAttributes = {
					13F0EF3A241870E200C0D053 = {
						CreatedOnToolsVersion = 11.4;
					};
				};
			};
			buildConfigurationList = 13F0EF36241870E200C0D053 /* Build configuration list for PBXProject "TrackPractice" */;
			compatibilityVersion = "Xcode 9.3";
			developmentRegion = en;
			hasScannedForEncodings = 0;
			knownRegions = (
				en,
				Base,
			);
			mainGroup = 13F0EF32241870E200C0D053;
			productRefGroup = 13F0EF3C241870E200C0D053 /* Products */;
			projectDirPath = "";
			projectRoot = "";
			targets = (
				13F0EF3A241870E200C0D053 /* TrackPractice */,
			);
		};
/* End PBXProject section */

/* Begin PBXResourcesBuildPhase section */
		13F0EF39241870E200C0D053 /* Resources */ = {
			isa = PBXResourcesBuildPhase;
			buildActionMask = 2147483647;
			files = (
				13F0EF4B241870E300C0D053 /* LaunchScreen.storyboard in Resources */,
				13F0EF48241870E300C0D053 /* Preview Assets.xcassets in Resources */,
				13F0EF45241870E300C0D053 /* Assets.xcassets in Resources */,
			);
			runOnlyForDeploymentPostprocessing = 0;
		};
/* End PBXResourcesBuildPhase section */

/* Begin PBXSourcesBuildPhase section */
		13F0EF37241870E200C0D053 /* Sources */ = {
			isa = PBXSourcesBuildPhase;
			buildActionMask = 2147483647;
			files = (
				13F0EF3F241870E200C0D053 /* AppDelegate.swift in Sources */,
				13F0EF41241870E200C0D053 /* SceneDelegate.swift in Sources */,
				13F0EF43241870E200C0D053 /* ContentView.swift in Sources */,
			);
			runOnlyForDeploymentPostprocessing = 0;
		};
/* End PBXSourcesBuildPhase section */

/* Begin PBXVariantGroup section */
		13F0EF49241870E300C0D053 /* LaunchScreen.storyboard */ = {
			isa = PBXVariantGroup;
			children = (
				13F0EF4A241870E300C0D053 /* Base */,
			);
			name = LaunchScreen.storyboard;
			sourceTree = "<group>";
		};
/* End PBXVariantGroup section */

/* Begin XCBuildConfiguration section */
		13F0EF4D241870E300C0D053 /* Debug */ = {
			isa = XCBuildConfiguration;
			buildSettings = {
				ALWAYS_SEARCH_USER_PATHS = NO;
				CLANG_ANALYZER_NONNULL = YES;
				CLANG_ANALYZER_NUMBER_OBJECT_CONVERSION = YES_AGGRESSIVE;
				CLANG_CXX_LANGUAGE_STANDARD = "gnu++14";
				CLANG_CXX_LIBRARY = "libc++";
				CLANG_ENABLE_MODULES = YES;
				CLANG_ENABLE_OBJC_ARC = YES;
				CLANG_ENABLE_OBJC_WEAK = YES;
				CLANG_WARN_BLOCK_CAPTURE_AUTORELEASING = YES;
				CLANG_WARN_BOOL_CONVERSION = YES;
				CLANG_WARN_COMMA = YES;
				CLANG_WARN_CONSTANT_CONVERSION = YES;
				CLANG_WARN_DEPRECATED_OBJC_IMPLEMENTATIONS = YES;
				CLANG_WARN_DIRECT_OBJC_ISA_USAGE = YES_ERROR;
				CLANG_WARN_DOCUMENTATION_COMMENTS = YES;
				CLANG_WARN_EMPTY_BODY = YES;
				CLANG_WARN_ENUM_CONVERSION = YES;
				CLANG_WARN_INFINITE_RECURSION = YES;
				CLANG_WARN_INT_CONVERSION = YES;
				CLANG_WARN_NON_LITERAL_NULL_CONVERSION = YES;
				CLANG_WARN_OBJC_IMPLICIT_RETAIN_SELF = YES;
				CLANG_WARN_OBJC_LITERAL_CONVERSION = YES;
				CLANG_WARN_OBJC_ROOT_CLASS = YES_ERROR;
				CLANG_WARN_RANGE_LOOP_ANALYSIS = YES;
				CLANG_WARN_STRICT_PROTOTYPES = YES;
				CLANG_WARN_SUSPICIOUS_MOVE = YES;
				CLANG_WARN_UNGUARDED_AVAILABILITY = YES_AGGRESSIVE;
				CLANG_WARN_UNREACHABLE_CODE = YES;
				CLANG_WARN__DUPLICATE_METHOD_MATCH = YES;
				COPY_PHASE_STRIP = NO;
				DEBUG_INFORMATION_FORMAT = dwarf;
				ENABLE_STRICT_OBJC_MSGSEND = YES;
				ENABLE_TESTABILITY = YES;
				GCC_C_LANGUAGE_STANDARD = gnu11;
				GCC_DYNAMIC_NO_PIC = NO;
				GCC_NO_COMMON_BLOCKS = YES;
				GCC_OPTIMIZATION_LEVEL = 0;
				GCC_PREPROCESSOR_DEFINITIONS = (
					"DEBUG=1",
					"$(inherited)",
				);
				GCC_WARN_64_TO_32_BIT_CONVERSION = YES;
				GCC_WARN_ABOUT_RETURN_TYPE = YES_ERROR;
				GCC_WARN_UNDECLARED_SELECTOR = YES;
				GCC_WARN_UNINITIALIZED_AUTOS = YES_AGGRESSIVE;
				GCC_WARN_UNUSED_FUNCTION = YES;
				GCC_WARN_UNUSED_VARIABLE = YES;
				IPHONEOS_DEPLOYMENT_TARGET = 13.4;
				MTL_ENABLE_DEBUG_INFO = INCLUDE_SOURCE;
				MTL_FAST_MATH = YES;
				ONLY_ACTIVE_ARCH = YES;
				SDKROOT = iphoneos;
				SWIFT_ACTIVE_COMPILATION_CONDITIONS = DEBUG;
				SWIFT_OPTIMIZATION_LEVEL = "-Onone";
			};
			name = Debug;
		};
		13F0EF4E241870E300C0D053 /* Release */ = {
			isa = XCBuildConfiguration;
			buildSettings = {
				ALWAYS_SEARCH_USER_PATHS = NO;
				CLANG_ANALYZER_NONNULL = YES;
				CLANG_ANALYZER_NUMBER_OBJECT_CONVERSION = YES_AGGRESSIVE;
				CLANG_CXX_LANGUAGE_STANDARD = "gnu++14";
				CLANG_CXX_LIBRARY = "libc++";
				CLANG_ENABLE_MODULES = YES;
				CLANG_ENABLE_OBJC_ARC = YES;
				CLANG_ENABLE_OBJC_WEAK = YES;
				CLANG_WARN_BLOCK_CAPTURE_AUTORELEASING = YES;
				CLANG_WARN_BOOL_CONVERSION = YES;
				CLANG_WARN_COMMA = YES;
				CLANG_WARN_CONSTANT_CONVERSION = YES;
				CLANG_WARN_DEPRECATED_OBJC_IMPLEMENTATIONS = YES;
				CLANG_WARN_DIRECT_OBJC_ISA_USAGE = YES_ERROR;
				CLANG_WARN_DOCUMENTATION_COMMENTS = YES;
				CLANG_WARN_EMPTY_BODY = YES;
				CLANG_WARN_ENUM_CONVERSION = YES;
				CLANG_WARN_INFINITE_RECURSION = YES;
				CLANG_WARN_INT_CONVERSION = YES;
				CLANG_WARN_NON_LITERAL_NULL_CONVERSION = YES;
				CLANG_WARN_OBJC_IMPLICIT_RETAIN_SELF = YES;
				CLANG_WARN_OBJC_LITERAL_CONVERSION = YES;
				CLANG_WARN_OBJC_ROOT_CLASS = YES_ERROR;
				CLANG_WARN_RANGE_LOOP_ANALYSIS = YES;
				CLANG_WARN_STRICT_PROTOTYPES = YES;
				CLANG_WARN_SUSPICIOUS_MOVE = YES;
				CLANG_WARN_UNGUARDED_AVAILABILITY = YES_AGGRESSIVE;
				CLANG_WARN_UNREACHABLE_CODE = YES;
				CLANG_WARN__DUPLICATE_METHOD_MATCH = YES;
				COPY_PHASE_STRIP = NO;
				DEBUG_INFORMATION_FORMAT = "dwarf-with-dsym";
				ENABLE_NS_ASSERTIONS = NO;
				ENABLE_STRICT_OBJC_MSGSEND = YES;
				GCC_C_LANGUAGE_STANDARD = gnu11;
				GCC_NO_COMMON_BLOCKS = YES;
				GCC_WARN_64_TO_32_BIT_CONVERSION = YES;
				GCC_WARN_ABOUT_RETURN_TYPE = YES_ERROR;
				GCC_WARN_UNDECLARED_SELECTOR = YES;
				GCC_WARN_UNINITIALIZED_AUTOS = YES_AGGRESSIVE;
				GCC_WARN_UNUSED_FUNCTION = YES;
				GCC_WARN_UNUSED_VARIABLE = YES;
				IPHONEOS_DEPLOYMENT_TARGET = 13.4;
				MTL_ENABLE_DEBUG_INFO = NO;
				MTL_FAST_MATH = YES;
				SDKROOT = iphoneos;
				SWIFT_COMPILATION_MODE = wholemodule;
				SWIFT_OPTIMIZATION_LEVEL = "-O";
				VALIDATE_PRODUCT = YES;
			};
			name = Release;
		};
		13F0EF50241870E300C0D053 /* Debug */ = {
			isa = XCBuildConfiguration;
			buildSettings = {
				ASSETCATALOG_COMPILER_APPICON_NAME = AppIcon;
				CODE_SIGN_STYLE = Automatic;
				DEVELOPMENT_ASSET_PATHS = "\"TrackPractice/Preview Content\"";
				DEVELOPMENT_TEAM = 5WJ59744U5;
				ENABLE_PREVIEWS = YES;
				INFOPLIST_FILE = TrackPractice/Info.plist;
				LD_RUNPATH_SEARCH_PATHS = (
					"$(inherited)",
					"@executable_path/Frameworks",
				);
				PRODUCT_BUNDLE_IDENTIFIER = com.billmoriarty.wesplit.TrackPractice;
				PRODUCT_NAME = "$(TARGET_NAME)";
				SWIFT_VERSION = 5.0;
				TARGETED_DEVICE_FAMILY = "1,2";
			};
			name = Debug;
		};
		13F0EF51241870E300C0D053 /* Release */ = {
			isa = XCBuildConfiguration;
			buildSettings = {
				ASSETCATALOG_COMPILER_APPICON_NAME = AppIcon;
				CODE_SIGN_STYLE = Automatic;
				DEVELOPMENT_ASSET_PATHS = "\"TrackPractice/Preview Content\"";
				DEVELOPMENT_TEAM = 5WJ59744U5;
				ENABLE_PREVIEWS = YES;
				INFOPLIST_FILE = TrackPractice/Info.plist;
				LD_RUNPATH_SEARCH_PATHS = (
					"$(inherited)",
					"@executable_path/Frameworks",
				);
				PRODUCT_BUNDLE_IDENTIFIER = com.billmoriarty.wesplit.TrackPractice;
				PRODUCT_NAME = "$(TARGET_NAME)";
				SWIFT_VERSION = 5.0;
				TARGETED_DEVICE_FAMILY = "1,2";
			};
			name = Release;
		};
/* End XCBuildConfiguration section */

/* Begin XCConfigurationList section */
		13F0EF36241870E200C0D053 /* Build configuration list for PBXProject "TrackPractice" */ = {
			isa = XCConfigurationList;
			buildConfigurations = (
				13F0EF4D241870E300C0D053 /* Debug */,
				13F0EF4E241870E300C0D053 /* Release */,
			);
			defaultConfigurationIsVisible = 0;
			defaultConfigurationName = Release;
		};
		13F0EF4F241870E300C0D053 /* Build configuration list for PBXNativeTarget "TrackPractice" */ = {
			isa = XCConfigurationList;
			buildConfigurations = (
				13F0EF50241870E300C0D053 /* Debug */,
				13F0EF51241870E300C0D053 /* Release */,
			);
			defaultConfigurationIsVisible = 0;
			defaultConfigurationName = Release;
		};
/* End XCConfigurationList section */
	};
	rootObject = 13F0EF33241870E200C0D053 /* Project object */;
}
